
Microsoft Visual Studio Solution File, Format Version 12.00
# Visual Studio 15
VisualStudioVersion = 15.0.26228.9
MinimumVisualStudioVersion = 10.0.40219.1
Project("{2150E333-8FDC-42A3-9474-1A3956D46DE8}") = "src", "src", "{B1EEDF2F-5EBE-4110-BA99-A5B51021664B}"
EndProject
Project("{2150E333-8FDC-42A3-9474-1A3956D46DE8}") = "test", "test", "{6FAFE6FB-CB7F-4F86-91F4-5CC1EEEBE011}"
EndProject
Project("{9A19103F-16F7-4668-BE54-9A1E7A4F7556}") = "Moegirlpedia.MediaWikiInterop.Primitives", "src\Moegirlpedia.MediaWikiInterop.Primitives\Moegirlpedia.MediaWikiInterop.Primitives.csproj", "{2C3C9993-0F45-4A03-802C-CA6BDE43F543}"
EndProject
Project("{9A19103F-16F7-4668-BE54-9A1E7A4F7556}") = "Moegirlpedia.MediaWikiInterop.Client", "src\Moegirlpedia.MediaWikiInterop.Client\Moegirlpedia.MediaWikiInterop.Client.csproj", "{D1FE6210-630C-47CB-8AA0-B1A47F460BE0}"
EndProject
Project("{9A19103F-16F7-4668-BE54-9A1E7A4F7556}") = "InteropClientTest", "test\InteropClientTest\InteropClientTest.csproj", "{F9F7D24F-EB88-4CFD-8EDD-AF1AB03343F0}"
EndProject
Project("{2150E333-8FDC-42A3-9474-1A3956D46DE8}") = "doc", "doc", "{300FD1EE-F548-4C5D-9E94-055F05A6F913}"
	ProjectSection(SolutionItems) = preProject
		doc\CodeMap.dgml = doc\CodeMap.dgml
		LICENSE = LICENSE
		README.md = README.md
	EndProjectSection
EndProject
Project("{FAE04EC0-301F-11D3-BF4B-00C04F79EFBC}") = "PrimitiveLibraryTest", "test\PrimitiveLibraryTest\PrimitiveLibraryTest.csproj", "{D891D94C-6D31-4DCC-86B0-B64730BB3353}"
EndProject
Project("{FAE04EC0-301F-11D3-BF4B-00C04F79EFBC}") = "Moegirlpedia.MediaWikiInterop.Actions", "src\Moegirlpedia.MediaWikiInterop.Actions\Moegirlpedia.MediaWikiInterop.Actions.csproj", "{8BC9AAD2-1CBC-40AD-81CA-5AC614C40941}"
EndProject
Project("{FAE04EC0-301F-11D3-BF4B-00C04F79EFBC}") = "ActionLibraryTest", "test\ActionLibraryTest\ActionLibraryTest.csproj", "{D62F37DB-22BD-4780-AD3A-77230F297FB9}"
EndProject
Global
	GlobalSection(SolutionConfigurationPlatforms) = preSolution
		Debug|Any CPU = Debug|Any CPU
		Release|Any CPU = Release|Any CPU
	EndGlobalSection
	GlobalSection(ProjectConfigurationPlatforms) = postSolution
		{2C3C9993-0F45-4A03-802C-CA6BDE43F543}.Debug|Any CPU.ActiveCfg = Debug|Any CPU
		{2C3C9993-0F45-4A03-802C-CA6BDE43F543}.Debug|Any CPU.Build.0 = Debug|Any CPU
		{2C3C9993-0F45-4A03-802C-CA6BDE43F543}.Release|Any CPU.ActiveCfg = Release|Any CPU
		{2C3C9993-0F45-4A03-802C-CA6BDE43F543}.Release|Any CPU.Build.0 = Release|Any CPU
		{D1FE6210-630C-47CB-8AA0-B1A47F460BE0}.Debug|Any CPU.ActiveCfg = Debug|Any CPU
		{D1FE6210-630C-47CB-8AA0-B1A47F460BE0}.Debug|Any CPU.Build.0 = Debug|Any CPU
		{D1FE6210-630C-47CB-8AA0-B1A47F460BE0}.Release|Any CPU.ActiveCfg = Release|Any CPU
		{D1FE6210-630C-47CB-8AA0-B1A47F460BE0}.Release|Any CPU.Build.0 = Release|Any CPU
		{F9F7D24F-EB88-4CFD-8EDD-AF1AB03343F0}.Debug|Any CPU.ActiveCfg = Debug|Any CPU
		{F9F7D24F-EB88-4CFD-8EDD-AF1AB03343F0}.Debug|Any CPU.Build.0 = Debug|Any CPU
		{F9F7D24F-EB88-4CFD-8EDD-AF1AB03343F0}.Release|Any CPU.ActiveCfg = Release|Any CPU
		{F9F7D24F-EB88-4CFD-8EDD-AF1AB03343F0}.Release|Any CPU.Build.0 = Release|Any CPU
		{D891D94C-6D31-4DCC-86B0-B64730BB3353}.Debug|Any CPU.ActiveCfg = Debug|Any CPU
		{D891D94C-6D31-4DCC-86B0-B64730BB3353}.Debug|Any CPU.Build.0 = Debug|Any CPU
		{D891D94C-6D31-4DCC-86B0-B64730BB3353}.Release|Any CPU.ActiveCfg = Release|Any CPU
		{D891D94C-6D31-4DCC-86B0-B64730BB3353}.Release|Any CPU.Build.0 = Release|Any CPU
		{8BC9AAD2-1CBC-40AD-81CA-5AC614C40941}.Debug|Any CPU.ActiveCfg = Debug|Any CPU
		{8BC9AAD2-1CBC-40AD-81CA-5AC614C40941}.Debug|Any CPU.Build.0 = Debug|Any CPU
		{8BC9AAD2-1CBC-40AD-81CA-5AC614C40941}.Release|Any CPU.ActiveCfg = Release|Any CPU
		{8BC9AAD2-1CBC-40AD-81CA-5AC614C40941}.Release|Any CPU.Build.0 = Release|Any CPU
		{D62F37DB-22BD-4780-AD3A-77230F297FB9}.Debug|Any CPU.ActiveCfg = Debug|Any CPU
		{D62F37DB-22BD-4780-AD3A-77230F297FB9}.Debug|Any CPU.Build.0 = Debug|Any CPU
		{D62F37DB-22BD-4780-AD3A-77230F297FB9}.Release|Any CPU.ActiveCfg = Release|Any CPU
		{D62F37DB-22BD-4780-AD3A-77230F297FB9}.Release|Any CPU.Build.0 = Release|Any CPU
	EndGlobalSection
	GlobalSection(SolutionProperties) = preSolution
		HideSolutionNode = FALSE
	EndGlobalSection
	GlobalSection(NestedProjects) = preSolution
		{2C3C9993-0F45-4A03-802C-CA6BDE43F543} = {B1EEDF2F-5EBE-4110-BA99-A5B51021664B}
		{D1FE6210-630C-47CB-8AA0-B1A47F460BE0} = {B1EEDF2F-5EBE-4110-BA99-A5B51021664B}
		{F9F7D24F-EB88-4CFD-8EDD-AF1AB03343F0} = {6FAFE6FB-CB7F-4F86-91F4-5CC1EEEBE011}
		{D891D94C-6D31-4DCC-86B0-B64730BB3353} = {6FAFE6FB-CB7F-4F86-91F4-5CC1EEEBE011}
		{8BC9AAD2-1CBC-40AD-81CA-5AC614C40941} = {B1EEDF2F-5EBE-4110-BA99-A5B51021664B}
		{D62F37DB-22BD-4780-AD3A-77230F297FB9} = {6FAFE6FB-CB7F-4F86-91F4-5CC1EEEBE011}
	EndGlobalSection
EndGlobal
